
Microsoft Visual Studio Solution File, Format Version 12.00
# Visual Studio Version 17
VisualStudioVersion = 17.0.31903.59
MinimumVisualStudioVersion = 10.0.40219.1
Project("{2150E333-8FDC-42A3-9474-1A3956D46DE8}") = "src", "src", "{18FEC748-286F-4D62-9C03-1A4A1B3F126A}"
EndProject
Project("{FAE04EC0-301F-11D3-BF4B-00C04F79EFBC}") = "Trainer.App", "src\Trainer.App\Trainer.App.csproj", "{650AADA9-7E15-42CE-A3FC-69FCCCAC9C31}"
EndProject
Global
	GlobalSection(SolutionConfigurationPlatforms) = preSolution
		Debug|Any CPU = Debug|Any CPU
		Release|Any CPU = Release|Any CPU
	EndGlobalSection
	GlobalSection(ProjectConfigurationPlatforms) = postSolution
		{650AADA9-7E15-42CE-A3FC-69FCCCAC9C31}.Debug|Any CPU.ActiveCfg = Debug|Any CPU
		{650AADA9-7E15-42CE-A3FC-69FCCCAC9C31}.Debug|Any CPU.Build.0 = Debug|Any CPU
		{650AADA9-7E15-42CE-A3FC-69FCCCAC9C31}.Debug|Any CPU.Deploy.0 = Debug|Any CPU
		{650AADA9-7E15-42CE-A3FC-69FCCCAC9C31}.Release|Any CPU.ActiveCfg = Release|Any CPU
		{650AADA9-7E15-42CE-A3FC-69FCCCAC9C31}.Release|Any CPU.Build.0 = Release|Any CPU
		{650AADA9-7E15-42CE-A3FC-69FCCCAC9C31}.Release|Any CPU.Deploy.0 = Release|Any CPU
	EndGlobalSection
	GlobalSection(SolutionProperties) = preSolution
		HideSolutionNode = FALSE
	EndGlobalSection
	GlobalSection(NestedProjects) = preSolution
		{650AADA9-7E15-42CE-A3FC-69FCCCAC9C31} = {18FEC748-286F-4D62-9C03-1A4A1B3F126A}
	EndGlobalSection
	GlobalSection(ExtensibilityGlobals) = postSolution
		SolutionGuid = {C8E1B338-21C5-47C3-9635-8037966C3393}
	EndGlobalSection
EndGlobal
